
Microsoft Visual Studio Solution File, Format Version 12.00
# Visual Studio 15
VisualStudioVersion = 15.0.27703.2026
MinimumVisualStudioVersion = 10.0.40219.1
Project("{8BC9CEB8-8B4A-11D0-8D11-00A0C91BC942}") = "lab_management", "lab_management\lab_management.vcxproj", "{AFEFF9DF-20EE-464F-98A7-18D0D5429067}"
EndProject
Global
	GlobalSection(SolutionConfigurationPlatforms) = preSolution
		Debug|x64 = Debug|x64
		Debug|x86 = Debug|x86
		Release|x64 = Release|x64
		Release|x86 = Release|x86
	EndGlobalSection
	GlobalSection(ProjectConfigurationPlatforms) = postSolution
		{AFEFF9DF-20EE-464F-98A7-18D0D5429067}.Debug|x64.ActiveCfg = Debug|x64
		{AFEFF9DF-20EE-464F-98A7-18D0D5429067}.Debug|x64.Build.0 = Debug|x64
		{AFEFF9DF-20EE-464F-98A7-18D0D5429067}.Debug|x86.ActiveCfg = Debug|Win32
		{AFEFF9DF-20EE-464F-98A7-18D0D5429067}.Debug|x86.Build.0 = Debug|Win32
		{AFEFF9DF-20EE-464F-98A7-18D0D5429067}.Release|x64.ActiveCfg = Release|x64
		{AFEFF9DF-20EE-464F-98A7-18D0D5429067}.Release|x64.Build.0 = Release|x64
		{AFEFF9DF-20EE-464F-98A7-18D0D5429067}.Release|x86.ActiveCfg = Release|Win32
		{AFEFF9DF-20EE-464F-98A7-18D0D5429067}.Release|x86.Build.0 = Release|Win32
	EndGlobalSection
	GlobalSection(SolutionProperties) = preSolution
		HideSolutionNode = FALSE
	EndGlobalSection
	GlobalSection(ExtensibilityGlobals) = postSolution
		SolutionGuid = {4051658D-6F5C-4992-AF5B-3C88127A0120}
	EndGlobalSection
EndGlobal
